
Microsoft Visual Studio Solution File, Format Version 12.00
# Visual Studio Version 17
VisualStudioVersion = 17.11.34929.205
MinimumVisualStudioVersion = 10.0.40219.1
Project("{FAE04EC0-301F-11D3-BF4B-00C04F79EFBC}") = "Company.Web", "Company.Web.csproj", "{04621FED-90BF-49D2-A42E-62E06D403119}"
EndProject
Project("{FAE04EC0-301F-11D3-BF4B-00C04F79EFBC}") = "Company.Data", "..\Company.Data\Company.Data.csproj", "{97AF13C5-6089-4A40-A577-23641D7C3A16}"
EndProject
Project("{FAE04EC0-301F-11D3-BF4B-00C04F79EFBC}") = "Company.Repository", "..\Company.Repository\Company.Repository.csproj", "{48456568-86E9-4C2D-8554-3B998FF555EB}"
EndProject
Project("{FAE04EC0-301F-11D3-BF4B-00C04F79EFBC}") = "Company.Service", "..\Company.Service\Company.Service.csproj", "{A390CC92-AD27-41D0-A677-866123283D02}"
EndProject
Global
	GlobalSection(SolutionConfigurationPlatforms) = preSolution
		Debug|Any CPU = Debug|Any CPU
		Release|Any CPU = Release|Any CPU
	EndGlobalSection
	GlobalSection(ProjectConfigurationPlatforms) = postSolution
		{04621FED-90BF-49D2-A42E-62E06D403119}.Debug|Any CPU.ActiveCfg = Debug|Any CPU
		{04621FED-90BF-49D2-A42E-62E06D403119}.Debug|Any CPU.Build.0 = Debug|Any CPU
		{04621FED-90BF-49D2-A42E-62E06D403119}.Release|Any CPU.ActiveCfg = Release|Any CPU
		{04621FED-90BF-49D2-A42E-62E06D403119}.Release|Any CPU.Build.0 = Release|Any CPU
		{97AF13C5-6089-4A40-A577-23641D7C3A16}.Debug|Any CPU.ActiveCfg = Debug|Any CPU
		{97AF13C5-6089-4A40-A577-23641D7C3A16}.Debug|Any CPU.Build.0 = Debug|Any CPU
		{97AF13C5-6089-4A40-A577-23641D7C3A16}.Release|Any CPU.ActiveCfg = Release|Any CPU
		{97AF13C5-6089-4A40-A577-23641D7C3A16}.Release|Any CPU.Build.0 = Release|Any CPU
		{48456568-86E9-4C2D-8554-3B998FF555EB}.Debug|Any CPU.ActiveCfg = Debug|Any CPU
		{48456568-86E9-4C2D-8554-3B998FF555EB}.Debug|Any CPU.Build.0 = Debug|Any CPU
		{48456568-86E9-4C2D-8554-3B998FF555EB}.Release|Any CPU.ActiveCfg = Release|Any CPU
		{48456568-86E9-4C2D-8554-3B998FF555EB}.Release|Any CPU.Build.0 = Release|Any CPU
		{A390CC92-AD27-41D0-A677-866123283D02}.Debug|Any CPU.ActiveCfg = Debug|Any CPU
		{A390CC92-AD27-41D0-A677-866123283D02}.Debug|Any CPU.Build.0 = Debug|Any CPU
		{A390CC92-AD27-41D0-A677-866123283D02}.Release|Any CPU.ActiveCfg = Release|Any CPU
		{A390CC92-AD27-41D0-A677-866123283D02}.Release|Any CPU.Build.0 = Release|Any CPU
	EndGlobalSection
	GlobalSection(SolutionProperties) = preSolution
		HideSolutionNode = FALSE
	EndGlobalSection
	GlobalSection(ExtensibilityGlobals) = postSolution
		SolutionGuid = {F4D6D5DA-537D-43AD-AAB1-CB972EB0A36F}
	EndGlobalSection
EndGlobal
